
Microsoft Visual Studio Solution File, Format Version 12.00
# Visual Studio Version 17
VisualStudioVersion = 17.11.35222.181
MinimumVisualStudioVersion = 10.0.40219.1
Project("{FAE04EC0-301F-11D3-BF4B-00C04F79EFBC}") = "mvvm", "mvvm\mvvm.csproj", "{E1D3B8DF-2B26-41E2-8F76-4A189E83A9B5}"
EndProject
Global
	GlobalSection(SolutionConfigurationPlatforms) = preSolution
		Debug|Any CPU = Debug|Any CPU
		Release|Any CPU = Release|Any CPU
	EndGlobalSection
	GlobalSection(ProjectConfigurationPlatforms) = postSolution
		{E1D3B8DF-2B26-41E2-8F76-4A189E83A9B5}.Debug|Any CPU.ActiveCfg = Debug|Any CPU
		{E1D3B8DF-2B26-41E2-8F76-4A189E83A9B5}.Debug|Any CPU.Build.0 = Debug|Any CPU
		{E1D3B8DF-2B26-41E2-8F76-4A189E83A9B5}.Release|Any CPU.ActiveCfg = Release|Any CPU
		{E1D3B8DF-2B26-41E2-8F76-4A189E83A9B5}.Release|Any CPU.Build.0 = Release|Any CPU
	EndGlobalSection
	GlobalSection(SolutionProperties) = preSolution
		HideSolutionNode = FALSE
	EndGlobalSection
	GlobalSection(ExtensibilityGlobals) = postSolution
		SolutionGuid = {F99FA5F5-6FE9-4BD5-9D55-B1F3B343851B}
	EndGlobalSection
EndGlobal
